
Microsoft Visual Studio Solution File, Format Version 12.00
# Visual Studio Version 16
VisualStudioVersion = 16.0.29709.97
MinimumVisualStudioVersion = 10.0.40219.1
Project("{FAE04EC0-301F-11D3-BF4B-00C04F79EFBC}") = "Task2", "Task 2\Task2.csproj", "{374429EA-B578-42F4-9C75-D401B09DE8DC}"
EndProject
Global
	GlobalSection(SolutionConfigurationPlatforms) = preSolution
		Debug|Any CPU = Debug|Any CPU
		Release|Any CPU = Release|Any CPU
	EndGlobalSection
	GlobalSection(ProjectConfigurationPlatforms) = postSolution
		{374429EA-B578-42F4-9C75-D401B09DE8DC}.Debug|Any CPU.ActiveCfg = Debug|Any CPU
		{374429EA-B578-42F4-9C75-D401B09DE8DC}.Debug|Any CPU.Build.0 = Debug|Any CPU
		{374429EA-B578-42F4-9C75-D401B09DE8DC}.Release|Any CPU.ActiveCfg = Release|Any CPU
		{374429EA-B578-42F4-9C75-D401B09DE8DC}.Release|Any CPU.Build.0 = Release|Any CPU
	EndGlobalSection
	GlobalSection(SolutionProperties) = preSolution
		HideSolutionNode = FALSE
	EndGlobalSection
	GlobalSection(ExtensibilityGlobals) = postSolution
		SolutionGuid = {2CDE7243-AF8A-4644-A676-B8D4906ADCD7}
	EndGlobalSection
EndGlobal
